# THIS IS AN AUTOGENERATED FILE. DO NOT EDIT THIS FILE DIRECTLY.
# yarn lockfile v1


add@^2.0.6:
  version "2.0.6"
  resolved "https://registry.yarnpkg.com/add/-/add-2.0.6.tgz#248f0a9f6e5a528ef2295dbeec30532130ae2235"
  integrity sha512-j5QzrmsokwWWp6kUcJQySpbG+xfOBqqKnup3OIk1pz+kB/80SLorZ9V8zHFLO92Lcd+hbvq8bT+zOGoPkmBV0Q==

swagger-ui-dist@>=4.11.0:
  version "4.15.2"
  resolved "https://registry.yarnpkg.com/swagger-ui-dist/-/swagger-ui-dist-4.15.2.tgz#9cc1d18ad089cdda30b1d570a8950be382cac730"
  integrity sha512-sanLAioshpa+Q0PpPxD86uo4labSqeIxtjLoC7xoce3HTnECPoQwY7PUVOiGMZ4dnEnROZPLUTloCEM86jZc1Q==

swagger-ui-express@^4.6.0:
  version "4.6.0"
  resolved "https://registry.yarnpkg.com/swagger-ui-express/-/swagger-ui-express-4.6.0.tgz#fc297d80c614c80f5d7def3dab50b56428cfe1c9"
  integrity sha512-ZxpQFp1JR2RF8Ar++CyJzEDdvufa08ujNUJgMVTMWPi86CuQeVdBtvaeO/ysrz6dJAYXf9kbVNhWD7JWocwqsA==
  dependencies:
    swagger-ui-dist ">=4.11.0"

yarn@^1.22.19:
  version "1.22.19"
  resolved "https://registry.yarnpkg.com/yarn/-/yarn-1.22.19.tgz#4ba7fc5c6e704fce2066ecbfb0b0d8976fe62447"
  integrity sha512-/0V5q0WbslqnwP91tirOvldvYISzaqhClxzyUKXYxs07yUILIs5jx/k6CFe8bvKSkds5w+eiOqta39Wk3WxdcQ==
